
Microsoft Visual Studio Solution File, Format Version 12.00
# Visual Studio Version 16
VisualStudioVersion = 16.0.30427.197
MinimumVisualStudioVersion = 10.0.40219.1
Project("{2150E333-8FDC-42A3-9474-1A3956D46DE8}") = "Feature", "Feature", "{E568C2B5-0614-4153-AD56-A9CAA18E4E07}"
EndProject
Project("{2150E333-8FDC-42A3-9474-1A3956D46DE8}") = "Foundation", "Foundation", "{92073305-2D79-4457-9F4E-70178D70479C}"
EndProject
Project("{2150E333-8FDC-42A3-9474-1A3956D46DE8}") = "Project", "Project", "{BC69804C-9EF3-45EA-8365-70E70F53317D}"
EndProject
Project("{2150E333-8FDC-42A3-9474-1A3956D46DE8}") = "Build", "Build", "{348ED673-B8D9-46DC-A8D4-A9C39513851B}"
	ProjectSection(SolutionItems) = preProject
		nuget.config = nuget.config
	EndProjectSection
EndProject
Project("{2150E333-8FDC-42A3-9474-1A3956D46DE8}") = "ContentAuditStats", "ContentAuditStats", "{9BB4F29F-14F1-442B-885F-892CC592E8A8}"
EndProject
Project("{2150E333-8FDC-42A3-9474-1A3956D46DE8}") = "MediaAuditStats", "MediaAuditStats", "{41A43BD4-FA82-4D4E-8C2F-16DE4CD08BAD}"
EndProject
Project("{FAE04EC0-301F-11D3-BF4B-00C04F79EFBC}") = "Feature.ContentAuditStats", "src\Feature\ContentAuditStats\code\Feature.ContentAuditStats\Feature.ContentAuditStats.csproj", "{39C63C49-B7AD-412A-AD8C-B0A53686E7E8}"
EndProject
Project("{FAE04EC0-301F-11D3-BF4B-00C04F79EFBC}") = "Feature.MediaAuditStats", "src\Feature\MediaAuditStats\code\Feature.MediaAuditStats\Feature.MediaAuditStats.csproj", "{48CD0CCD-7E76-4121-B43A-F4D8AFB15767}"
EndProject
Project("{FAE04EC0-301F-11D3-BF4B-00C04F79EFBC}") = "CAS", "src\Project\CAS\code\CAS\CAS.csproj", "{EC1DBC83-5E1F-48C1-B0B5-34D03240EA49}"
EndProject
Global
	GlobalSection(SolutionConfigurationPlatforms) = preSolution
		Debug|Any CPU = Debug|Any CPU
		Release|Any CPU = Release|Any CPU
	EndGlobalSection
	GlobalSection(ProjectConfigurationPlatforms) = postSolution
		{39C63C49-B7AD-412A-AD8C-B0A53686E7E8}.Debug|Any CPU.ActiveCfg = Debug|Any CPU
		{39C63C49-B7AD-412A-AD8C-B0A53686E7E8}.Debug|Any CPU.Build.0 = Debug|Any CPU
		{39C63C49-B7AD-412A-AD8C-B0A53686E7E8}.Release|Any CPU.ActiveCfg = Release|Any CPU
		{39C63C49-B7AD-412A-AD8C-B0A53686E7E8}.Release|Any CPU.Build.0 = Release|Any CPU
		{48CD0CCD-7E76-4121-B43A-F4D8AFB15767}.Debug|Any CPU.ActiveCfg = Debug|Any CPU
		{48CD0CCD-7E76-4121-B43A-F4D8AFB15767}.Debug|Any CPU.Build.0 = Debug|Any CPU
		{48CD0CCD-7E76-4121-B43A-F4D8AFB15767}.Release|Any CPU.ActiveCfg = Release|Any CPU
		{48CD0CCD-7E76-4121-B43A-F4D8AFB15767}.Release|Any CPU.Build.0 = Release|Any CPU
		{EC1DBC83-5E1F-48C1-B0B5-34D03240EA49}.Debug|Any CPU.ActiveCfg = Debug|Any CPU
		{EC1DBC83-5E1F-48C1-B0B5-34D03240EA49}.Debug|Any CPU.Build.0 = Debug|Any CPU
		{EC1DBC83-5E1F-48C1-B0B5-34D03240EA49}.Release|Any CPU.ActiveCfg = Release|Any CPU
		{EC1DBC83-5E1F-48C1-B0B5-34D03240EA49}.Release|Any CPU.Build.0 = Release|Any CPU
	EndGlobalSection
	GlobalSection(SolutionProperties) = preSolution
		HideSolutionNode = FALSE
	EndGlobalSection
	GlobalSection(NestedProjects) = preSolution
		{9BB4F29F-14F1-442B-885F-892CC592E8A8} = {E568C2B5-0614-4153-AD56-A9CAA18E4E07}
		{41A43BD4-FA82-4D4E-8C2F-16DE4CD08BAD} = {E568C2B5-0614-4153-AD56-A9CAA18E4E07}
		{39C63C49-B7AD-412A-AD8C-B0A53686E7E8} = {9BB4F29F-14F1-442B-885F-892CC592E8A8}
		{48CD0CCD-7E76-4121-B43A-F4D8AFB15767} = {41A43BD4-FA82-4D4E-8C2F-16DE4CD08BAD}
		{EC1DBC83-5E1F-48C1-B0B5-34D03240EA49} = {BC69804C-9EF3-45EA-8365-70E70F53317D}
	EndGlobalSection
	GlobalSection(ExtensibilityGlobals) = postSolution
		SolutionGuid = {5D021871-CC45-42BB-BFCA-8CD6399A5650}
	EndGlobalSection
EndGlobal
